
Microsoft Visual Studio Solution File, Format Version 12.00
# Visual Studio Version 17
VisualStudioVersion = 17.11.35312.102
MinimumVisualStudioVersion = 10.0.40219.1
Project("{FAE04EC0-301F-11D3-BF4B-00C04F79EFBC}") = "productapi", "productapi\productapi.csproj", "{F392DEE4-8931-4C6F-9128-8CBB51BC39BF}"
EndProject
Global
	GlobalSection(SolutionConfigurationPlatforms) = preSolution
		Debug|Any CPU = Debug|Any CPU
		Release|Any CPU = Release|Any CPU
	EndGlobalSection
	GlobalSection(ProjectConfigurationPlatforms) = postSolution
		{F392DEE4-8931-4C6F-9128-8CBB51BC39BF}.Debug|Any CPU.ActiveCfg = Debug|Any CPU
		{F392DEE4-8931-4C6F-9128-8CBB51BC39BF}.Debug|Any CPU.Build.0 = Debug|Any CPU
		{F392DEE4-8931-4C6F-9128-8CBB51BC39BF}.Release|Any CPU.ActiveCfg = Release|Any CPU
		{F392DEE4-8931-4C6F-9128-8CBB51BC39BF}.Release|Any CPU.Build.0 = Release|Any CPU
	EndGlobalSection
	GlobalSection(SolutionProperties) = preSolution
		HideSolutionNode = FALSE
	EndGlobalSection
	GlobalSection(ExtensibilityGlobals) = postSolution
		SolutionGuid = {1A105DBB-8A81-4B25-A249-8A3F6B682990}
	EndGlobalSection
EndGlobal
